NeoBundleLock CSApprox a2958096696f9132ef0ece44b3fab93dac6df8d0
NeoBundleLock YankRing.vim 28854abef8fa4ebd3cb219aefcf22566997d8f65
NeoBundleLock auto-ctags.vim 8b0c0412b04e68d1867fddf342e84e6bd82f91ec
NeoBundleLock colorizer 1d44ec9e10b6a9edb0cdf64dde59181e8c0ee2c1
NeoBundleLock erlang-motions.vim e2eca9762b2071437ee7cb15aa774b569c9bbf43
NeoBundleLock html5.vim ad38231df6845562f569512fd250c5660aadeb64
NeoBundleLock indentLine 87a29facd8fbaffd4db3972bb555cfe51f2bac42
NeoBundleLock lightline.vim 4b1dea2efc7d1b546af5e6ddbe804c45d4296ea5
NeoBundleLock neobundle.vim 24e96f08faf6ec47ffb0bcc2bb57edb22218f8ec
NeoBundleLock neocomplete de6822e7581cfce8c906ed6e9ba863a0dde78352
NeoBundleLock neosnippet 795a13701fed7e310a9945931fe286dbdc6691bd
NeoBundleLock neosnippet-snippets 7b1de8fa5592d0f4bb364a0bd6b66ad1f422b1d4
NeoBundleLock rust-doc.vim 0d64c9f804067a0d911bb9fd44c23cd36c9d74e6
NeoBundleLock rust.vim 2fa3e213e713d981633ed7db4483296055a20bea
NeoBundleLock sudo.vim 060f0250d6f399d1cf9b15eaad3d55b3fbad4b0d
NeoBundleLock syntastic 91814d6723b03ea9f9437e1950d12861957d4b9a
NeoBundleLock unite.vim 000ad7081051c54fecbad1dbdd86447a9fb649c3
NeoBundleLock vim-endwise 526fe36bd23120077f65856fe986c64a3e49a03a
NeoBundleLock vim-erlang-omnicomplete f269e5a86b931cc0caad4013e9f5b532d219ae1d
NeoBundleLock vim-erlang-tags d010e6a0e2220e4aefc4f258bdc89415ece89869
NeoBundleLock vim-fugitive 18d6d1ab82d9ac15586d7d3c1a36f9ef6fb50eae
NeoBundleLock vim-gitgutter f52f875fc7b25b601366bd6c0d67c53ad84f9559
NeoBundleLock vim-go-extra 522fc495fd9de46c3c87d46a81bff5b1072f5e97
NeoBundleLock vim-jade f760e239386df055eb1892243624fdf7f7c58392
NeoBundleLock vim-javascript 1d8c2677d26d6b3950b90dc1636e63334c8efc3b
NeoBundleLock vim-jst eb25d585c9ff0f5152cea4c64c2db2228c7347bf
NeoBundleLock vim-lua-ftplugin bcbf914046684f19955f24664c1659b330fcb241
NeoBundleLock vim-misc 3e6b8fb6f03f13434543ce1f5d24f6a5d3f34f0b
NeoBundleLock vim-multiple-cursors e7bfbcfa37517d25e6ee6fbe71381fe87fe304a6
NeoBundleLock vim-perl b73323c2b664514db00ff4210fd54f30f7d39e41
NeoBundleLock vim-quickrun da5328d0aec495e4dc25232fd769a8a2e56d8f7d
NeoBundleLock vim-racer 0e0f0fac26dd129c48a01b760e60484c1c6076ad
NeoBundleLock vim-rails ce4135c46059018ff1b4823f97b80f20ca7fb23f
NeoBundleLock vim-ruby d87025e237360de04b76495b654882d37577766d
NeoBundleLock vim-slim 0daaa8581f9a9968cebbc7d14ae9acf1625c0389
NeoBundleLock vim-toml f6f79f3cc6740dfacca73a195857cbc45e778912
NeoBundleLock vimerl 536f7e265449b2609d217da4193f2e4060e6b728
NeoBundleLock vimfiler a46cca1445ca9687b77dc900cef6af3b3861a0fd
